
Microsoft Visual Studio Solution File, Format Version 12.00
# Visual Studio Version 17
VisualStudioVersion = 17.5.002.0
MinimumVisualStudioVersion = 10.0.40219.1
Project("{9A19103F-16F7-4668-BE54-9A1E7A4F7556}") = "DojoSurvey", "DojoSurvey.csproj", "{B2885100-2BE0-48C2-AD88-F8D6134B9060}"
EndProject
Global
	GlobalSection(SolutionConfigurationPlatforms) = preSolution
		Debug|Any CPU = Debug|Any CPU
		Release|Any CPU = Release|Any CPU
	EndGlobalSection
	GlobalSection(ProjectConfigurationPlatforms) = postSolution
		{B2885100-2BE0-48C2-AD88-F8D6134B9060}.Debug|Any CPU.ActiveCfg = Debug|Any CPU
		{B2885100-2BE0-48C2-AD88-F8D6134B9060}.Debug|Any CPU.Build.0 = Debug|Any CPU
		{B2885100-2BE0-48C2-AD88-F8D6134B9060}.Release|Any CPU.ActiveCfg = Release|Any CPU
		{B2885100-2BE0-48C2-AD88-F8D6134B9060}.Release|Any CPU.Build.0 = Release|Any CPU
	EndGlobalSection
	GlobalSection(SolutionProperties) = preSolution
		HideSolutionNode = FALSE
	EndGlobalSection
	GlobalSection(ExtensibilityGlobals) = postSolution
		SolutionGuid = {67924234-CA7D-40C8-9EAA-5CCB0B5B97CA}
	EndGlobalSection
EndGlobal
